
Microsoft Visual Studio Solution File, Format Version 12.00
# Visual Studio 14
VisualStudioVersion = 14.0.25420.1
MinimumVisualStudioVersion = 10.0.40219.1
Project("{FAE04EC0-301F-11D3-BF4B-00C04F79EFBC}") = "ANDP.Lib.Domain", "ANDP.Domain\ANDP.Lib.Domain.csproj", "{8C2891EE-2C65-42B0-88F9-8A8261148E88}"
EndProject
Project("{FAE04EC0-301F-11D3-BF4B-00C04F79EFBC}") = "ANDP.Lib.Domain.Test", "ANDP.Domain.Test\ANDP.Lib.Domain.Test.csproj", "{390E1F88-8CA1-4CDE-99D7-7A81C68EBDF8}"
EndProject
Project("{FAE04EC0-301F-11D3-BF4B-00C04F79EFBC}") = "Common.Lib.Mvc", "Common.Lib.Mvc\Common.Lib.Mvc.csproj", "{45CDEE42-F3FB-4EA7-AEC0-F7B02547D598}"
EndProject
Project("{FAE04EC0-301F-11D3-BF4B-00C04F79EFBC}") = "ANDP.Lib.Data", "ANDP.Lib.Data\ANDP.Lib.Data.csproj", "{84663F37-A04E-426C-BB3F-B16407D98E83}"
EndProject
Project("{FAE04EC0-301F-11D3-BF4B-00C04F79EFBC}") = "Common.Lib", "Common.Lib\Common.Lib.csproj", "{6271F6F1-B9A3-4A00-81BD-AC429BC892C2}"
EndProject
Project("{FAE04EC0-301F-11D3-BF4B-00C04F79EFBC}") = "Common.Lib.Domain", "Common.Lib.Domain\Common.Lib.Domain.csproj", "{D7FF5909-E901-42A0-BA81-CD0D8C377879}"
EndProject
Project("{FAE04EC0-301F-11D3-BF4B-00C04F79EFBC}") = "Common.Lib.Data", "Common.Lib.Data\Common.Lib.Data.csproj", "{AAC193FC-8867-479E-96F3-D5E5F194F5D5}"
EndProject
Project("{FAE04EC0-301F-11D3-BF4B-00C04F79EFBC}") = "ANDP.Dispatcher.Console", "ANDP.Dispatcher.Console\ANDP.Dispatcher.Console.csproj", "{AC07D9A0-21D6-4B1A-A691-F53AEC276E6C}"
EndProject
Project("{FAE04EC0-301F-11D3-BF4B-00C04F79EFBC}") = "ANDP.Lib.Data.Tests", "ANDP.Lib.Data.Tests\ANDP.Lib.Data.Tests.csproj", "{88573407-32F1-4F48-9E6E-64B8D33D9D4B}"
EndProject
Project("{FAE04EC0-301F-11D3-BF4B-00C04F79EFBC}") = "Common.Lib.Integration", "Common.Lib.Integration\Common.Lib.Integration.csproj", "{B677DCFE-E176-4E4A-83A2-746DB5850170}"
EndProject
Project("{FAE04EC0-301F-11D3-BF4B-00C04F79EFBC}") = "Common.Lib.Tests", "Common.Lib.Tests\Common.Lib.Tests.csproj", "{53C614DD-F9DC-4576-BBFF-DC7597624627}"
EndProject
Project("{FAE04EC0-301F-11D3-BF4B-00C04F79EFBC}") = "ANDP.Lib", "ANDP.Lib\ANDP.Lib.csproj", "{2AC1BBE9-BAB9-4EEB-AABB-9D76F03EE658}"
EndProject
Project("{FAE04EC0-301F-11D3-BF4B-00C04F79EFBC}") = "ANDP.ProvisionCenter.Mvc", "ANDP.ProvisionCenter.Mvc\ANDP.ProvisionCenter.Mvc.csproj", "{D769F10E-2781-4790-AA3F-E3C27070EA93}"
EndProject
Project("{FAE04EC0-301F-11D3-BF4B-00C04F79EFBC}") = "ANDP.API.Rest.Test", "ANDP.API.Rest.Test\ANDP.API.Rest.Test.csproj", "{A5468D6E-57C4-40A4-A792-5A6C196FF324}"
EndProject
Project("{FAE04EC0-301F-11D3-BF4B-00C04F79EFBC}") = "ANDP.Provisioning.API.Rest", "ANDP.Provisioning.API.Rest\ANDP.Provisioning.API.Rest.csproj", "{43BEFCF4-B7CD-4F86-BE28-8946869F641C}"
EndProject
Project("{FAE04EC0-301F-11D3-BF4B-00C04F79EFBC}") = "ANDP.Provisioning.API.Rest.Test", "ANDP.Provisioning.API.Rest.Test\ANDP.Provisioning.API.Rest.Test.csproj", "{165F9454-CC98-4962-8F18-F3AF04545FA3}"
EndProject
Project("{FAE04EC0-301F-11D3-BF4B-00C04F79EFBC}") = "Common.Lib.Integration.Tests", "Common.Lib.Integration.Tests\Common.Lib.Integration.Tests.csproj", "{FDE20952-6C7B-49E5-A5F7-242E76740CF8}"
EndProject
Project("{FAE04EC0-301F-11D3-BF4B-00C04F79EFBC}") = "IdentityManager.Core", "IdentityManager.Core\IdentityManager.Core.csproj", "{319E13DD-C16A-4936-B179-BBFBA52C693B}"
EndProject
Project("{FAE04EC0-301F-11D3-BF4B-00C04F79EFBC}") = "IdentityManager.Mvc", "IdentityManager.Mvc\IdentityManager.Mvc.csproj", "{D1A280BE-52ED-4B41-BE67-BC933BA5D2B1}"
EndProject
Project("{FAE04EC0-301F-11D3-BF4B-00C04F79EFBC}") = "IdentityManager.MembershipReboot", "IdentityManager.MembershipReboot\IdentityManager.MembershipReboot.csproj", "{DDCE2A99-EE37-42E3-A84E-00957F770B52}"
EndProject
Project("{2150E333-8FDC-42A3-9474-1A3956D46DE8}") = "ANDP", "ANDP", "{994D81A9-E476-4B9D-83B2-0B7AEFFED63B}"
EndProject
Project("{2150E333-8FDC-42A3-9474-1A3956D46DE8}") = "Common", "Common", "{B108A0ED-5DDD-4735-BBFC-9C746A54A9BD}"
EndProject
Project("{2150E333-8FDC-42A3-9474-1A3956D46DE8}") = "IdentityManager", "IdentityManager", "{8CA94314-7892-41D4-AECA-F96B5B13C00F}"
EndProject
Project("{2150E333-8FDC-42A3-9474-1A3956D46DE8}") = "Reporting", "Reporting", "{E41AAF0B-439F-4AA6-A8A7-E6AF1AA54D31}"
EndProject
Project("{F14B399A-7131-4C87-9E4B-1186C45EF12D}") = "Reports", "Reports\Reports.rptproj", "{DC9400B3-00E0-4FDE-93CD-B03A9FE03CB4}"
EndProject
Project("{FAE04EC0-301F-11D3-BF4B-00C04F79EFBC}") = "ANDP.API.Rest", "ANDP.API.Rest\ANDP.API.Rest.csproj", "{3646887C-A241-491B-B21B-931FA5B04312}"
EndProject
Project("{00D1A9C2-B5F0-4AF3-8072-F6C62B433612}") = "ANDP.Database", "ANDP.Database\ANDP.Database.sqlproj", "{6808E043-C4D7-41EB-BA0A-9BB9F9A37545}"
EndProject
Project("{00D1A9C2-B5F0-4AF3-8072-F6C62B433612}") = "Common.Authentication.Database", "Common.Authentication.Database\Common.Authentication.Database.sqlproj", "{178C4DC2-DADE-4B34-B745-5CF1C044BDFF}"
EndProject
Project("{2150E333-8FDC-42A3-9474-1A3956D46DE8}") = "Testing Apps", "Testing Apps", "{29F624B9-7250-45A2-B2F5-7892B0CB6848}"
EndProject
Global
	GlobalSection(SolutionConfigurationPlatforms) = preSolution
		Debug|Any CPU = Debug|Any CPU
		DebugLocal|Any CPU = DebugLocal|Any CPU
		Release|Any CPU = Release|Any CPU
	EndGlobalSection
	GlobalSection(ProjectConfigurationPlatforms) = postSolution
		{8C2891EE-2C65-42B0-88F9-8A8261148E88}.Debug|Any CPU.ActiveCfg = Debug|Any CPU
		{8C2891EE-2C65-42B0-88F9-8A8261148E88}.Debug|Any CPU.Build.0 = Debug|Any CPU
		{8C2891EE-2C65-42B0-88F9-8A8261148E88}.DebugLocal|Any CPU.ActiveCfg = Debug|Any CPU
		{8C2891EE-2C65-42B0-88F9-8A8261148E88}.DebugLocal|Any CPU.Build.0 = Debug|Any CPU
		{8C2891EE-2C65-42B0-88F9-8A8261148E88}.Release|Any CPU.ActiveCfg = Release|Any CPU
		{8C2891EE-2C65-42B0-88F9-8A8261148E88}.Release|Any CPU.Build.0 = Release|Any CPU
		{390E1F88-8CA1-4CDE-99D7-7A81C68EBDF8}.Debug|Any CPU.ActiveCfg = Debug|Any CPU
		{390E1F88-8CA1-4CDE-99D7-7A81C68EBDF8}.Debug|Any CPU.Build.0 = Debug|Any CPU
		{390E1F88-8CA1-4CDE-99D7-7A81C68EBDF8}.DebugLocal|Any CPU.ActiveCfg = Debug|Any CPU
		{390E1F88-8CA1-4CDE-99D7-7A81C68EBDF8}.DebugLocal|Any CPU.Build.0 = Debug|Any CPU
		{390E1F88-8CA1-4CDE-99D7-7A81C68EBDF8}.Release|Any CPU.ActiveCfg = Release|Any CPU
		{390E1F88-8CA1-4CDE-99D7-7A81C68EBDF8}.Release|Any CPU.Build.0 = Release|Any CPU
		{45CDEE42-F3FB-4EA7-AEC0-F7B02547D598}.Debug|Any CPU.ActiveCfg = Debug|Any CPU
		{45CDEE42-F3FB-4EA7-AEC0-F7B02547D598}.Debug|Any CPU.Build.0 = Debug|Any CPU
		{45CDEE42-F3FB-4EA7-AEC0-F7B02547D598}.DebugLocal|Any CPU.ActiveCfg = Debug|Any CPU
		{45CDEE42-F3FB-4EA7-AEC0-F7B02547D598}.DebugLocal|Any CPU.Build.0 = Debug|Any CPU
		{45CDEE42-F3FB-4EA7-AEC0-F7B02547D598}.Release|Any CPU.ActiveCfg = Release|Any CPU
		{45CDEE42-F3FB-4EA7-AEC0-F7B02547D598}.Release|Any CPU.Build.0 = Release|Any CPU
		{84663F37-A04E-426C-BB3F-B16407D98E83}.Debug|Any CPU.ActiveCfg = Debug|Any CPU
		{84663F37-A04E-426C-BB3F-B16407D98E83}.Debug|Any CPU.Build.0 = Debug|Any CPU
		{84663F37-A04E-426C-BB3F-B16407D98E83}.DebugLocal|Any CPU.ActiveCfg = Debug|Any CPU
		{84663F37-A04E-426C-BB3F-B16407D98E83}.DebugLocal|Any CPU.Build.0 = Debug|Any CPU
		{84663F37-A04E-426C-BB3F-B16407D98E83}.Release|Any CPU.ActiveCfg = Release|Any CPU
		{84663F37-A04E-426C-BB3F-B16407D98E83}.Release|Any CPU.Build.0 = Release|Any CPU
		{6271F6F1-B9A3-4A00-81BD-AC429BC892C2}.Debug|Any CPU.ActiveCfg = Debug|Any CPU
		{6271F6F1-B9A3-4A00-81BD-AC429BC892C2}.Debug|Any CPU.Build.0 = Debug|Any CPU
		{6271F6F1-B9A3-4A00-81BD-AC429BC892C2}.DebugLocal|Any CPU.ActiveCfg = Debug|Any CPU
		{6271F6F1-B9A3-4A00-81BD-AC429BC892C2}.DebugLocal|Any CPU.Build.0 = Debug|Any CPU
		{6271F6F1-B9A3-4A00-81BD-AC429BC892C2}.Release|Any CPU.ActiveCfg = Release|Any CPU
		{6271F6F1-B9A3-4A00-81BD-AC429BC892C2}.Release|Any CPU.Build.0 = Release|Any CPU
		{D7FF5909-E901-42A0-BA81-CD0D8C377879}.Debug|Any CPU.ActiveCfg = Debug|Any CPU
		{D7FF5909-E901-42A0-BA81-CD0D8C377879}.Debug|Any CPU.Build.0 = Debug|Any CPU
		{D7FF5909-E901-42A0-BA81-CD0D8C377879}.DebugLocal|Any CPU.ActiveCfg = Debug|Any CPU
		{D7FF5909-E901-42A0-BA81-CD0D8C377879}.DebugLocal|Any CPU.Build.0 = Debug|Any CPU
		{D7FF5909-E901-42A0-BA81-CD0D8C377879}.Release|Any CPU.ActiveCfg = Release|Any CPU
		{D7FF5909-E901-42A0-BA81-CD0D8C377879}.Release|Any CPU.Build.0 = Release|Any CPU
		{AAC193FC-8867-479E-96F3-D5E5F194F5D5}.Debug|Any CPU.ActiveCfg = Debug|Any CPU
		{AAC193FC-8867-479E-96F3-D5E5F194F5D5}.Debug|Any CPU.Build.0 = Debug|Any CPU
		{AAC193FC-8867-479E-96F3-D5E5F194F5D5}.DebugLocal|Any CPU.ActiveCfg = Debug|Any CPU
		{AAC193FC-8867-479E-96F3-D5E5F194F5D5}.DebugLocal|Any CPU.Build.0 = Debug|Any CPU
		{AAC193FC-8867-479E-96F3-D5E5F194F5D5}.Release|Any CPU.ActiveCfg = Release|Any CPU
		{AAC193FC-8867-479E-96F3-D5E5F194F5D5}.Release|Any CPU.Build.0 = Release|Any CPU
		{AC07D9A0-21D6-4B1A-A691-F53AEC276E6C}.Debug|Any CPU.ActiveCfg = Debug|Any CPU
		{AC07D9A0-21D6-4B1A-A691-F53AEC276E6C}.Debug|Any CPU.Build.0 = Debug|Any CPU
		{AC07D9A0-21D6-4B1A-A691-F53AEC276E6C}.DebugLocal|Any CPU.ActiveCfg = Debug|Any CPU
		{AC07D9A0-21D6-4B1A-A691-F53AEC276E6C}.DebugLocal|Any CPU.Build.0 = Debug|Any CPU
		{AC07D9A0-21D6-4B1A-A691-F53AEC276E6C}.Release|Any CPU.ActiveCfg = Release|Any CPU
		{AC07D9A0-21D6-4B1A-A691-F53AEC276E6C}.Release|Any CPU.Build.0 = Release|Any CPU
		{88573407-32F1-4F48-9E6E-64B8D33D9D4B}.Debug|Any CPU.ActiveCfg = Debug|Any CPU
		{88573407-32F1-4F48-9E6E-64B8D33D9D4B}.Debug|Any CPU.Build.0 = Debug|Any CPU
		{88573407-32F1-4F48-9E6E-64B8D33D9D4B}.DebugLocal|Any CPU.ActiveCfg = Debug|Any CPU
		{88573407-32F1-4F48-9E6E-64B8D33D9D4B}.DebugLocal|Any CPU.Build.0 = Debug|Any CPU
		{88573407-32F1-4F48-9E6E-64B8D33D9D4B}.Release|Any CPU.ActiveCfg = Release|Any CPU
		{88573407-32F1-4F48-9E6E-64B8D33D9D4B}.Release|Any CPU.Build.0 = Release|Any CPU
		{B677DCFE-E176-4E4A-83A2-746DB5850170}.Debug|Any CPU.ActiveCfg = Debug|Any CPU
		{B677DCFE-E176-4E4A-83A2-746DB5850170}.Debug|Any CPU.Build.0 = Debug|Any CPU
		{B677DCFE-E176-4E4A-83A2-746DB5850170}.DebugLocal|Any CPU.ActiveCfg = Debug|Any CPU
		{B677DCFE-E176-4E4A-83A2-746DB5850170}.DebugLocal|Any CPU.Build.0 = Debug|Any CPU
		{B677DCFE-E176-4E4A-83A2-746DB5850170}.Release|Any CPU.ActiveCfg = Release|Any CPU
		{B677DCFE-E176-4E4A-83A2-746DB5850170}.Release|Any CPU.Build.0 = Release|Any CPU
		{53C614DD-F9DC-4576-BBFF-DC7597624627}.Debug|Any CPU.ActiveCfg = Debug|Any CPU
		{53C614DD-F9DC-4576-BBFF-DC7597624627}.Debug|Any CPU.Build.0 = Debug|Any CPU
		{53C614DD-F9DC-4576-BBFF-DC7597624627}.DebugLocal|Any CPU.ActiveCfg = Debug|Any CPU
		{53C614DD-F9DC-4576-BBFF-DC7597624627}.DebugLocal|Any CPU.Build.0 = Debug|Any CPU
		{53C614DD-F9DC-4576-BBFF-DC7597624627}.Release|Any CPU.ActiveCfg = Release|Any CPU
		{53C614DD-F9DC-4576-BBFF-DC7597624627}.Release|Any CPU.Build.0 = Release|Any CPU
		{2AC1BBE9-BAB9-4EEB-AABB-9D76F03EE658}.Debug|Any CPU.ActiveCfg = Debug|Any CPU
		{2AC1BBE9-BAB9-4EEB-AABB-9D76F03EE658}.Debug|Any CPU.Build.0 = Debug|Any CPU
		{2AC1BBE9-BAB9-4EEB-AABB-9D76F03EE658}.DebugLocal|Any CPU.ActiveCfg = Debug|Any CPU
		{2AC1BBE9-BAB9-4EEB-AABB-9D76F03EE658}.DebugLocal|Any CPU.Build.0 = Debug|Any CPU
		{2AC1BBE9-BAB9-4EEB-AABB-9D76F03EE658}.Release|Any CPU.ActiveCfg = Release|Any CPU
		{2AC1BBE9-BAB9-4EEB-AABB-9D76F03EE658}.Release|Any CPU.Build.0 = Release|Any CPU
		{D769F10E-2781-4790-AA3F-E3C27070EA93}.Debug|Any CPU.ActiveCfg = Debug|Any CPU
		{D769F10E-2781-4790-AA3F-E3C27070EA93}.Debug|Any CPU.Build.0 = Debug|Any CPU
		{D769F10E-2781-4790-AA3F-E3C27070EA93}.DebugLocal|Any CPU.ActiveCfg = Debug|Any CPU
		{D769F10E-2781-4790-AA3F-E3C27070EA93}.DebugLocal|Any CPU.Build.0 = Debug|Any CPU
		{D769F10E-2781-4790-AA3F-E3C27070EA93}.Release|Any CPU.ActiveCfg = Release|Any CPU
		{D769F10E-2781-4790-AA3F-E3C27070EA93}.Release|Any CPU.Build.0 = Release|Any CPU
		{A5468D6E-57C4-40A4-A792-5A6C196FF324}.Debug|Any CPU.ActiveCfg = Debug|Any CPU
		{A5468D6E-57C4-40A4-A792-5A6C196FF324}.Debug|Any CPU.Build.0 = Debug|Any CPU
		{A5468D6E-57C4-40A4-A792-5A6C196FF324}.DebugLocal|Any CPU.ActiveCfg = Debug|Any CPU
		{A5468D6E-57C4-40A4-A792-5A6C196FF324}.DebugLocal|Any CPU.Build.0 = Debug|Any CPU
		{A5468D6E-57C4-40A4-A792-5A6C196FF324}.Release|Any CPU.ActiveCfg = Release|Any CPU
		{A5468D6E-57C4-40A4-A792-5A6C196FF324}.Release|Any CPU.Build.0 = Release|Any CPU
		{43BEFCF4-B7CD-4F86-BE28-8946869F641C}.Debug|Any CPU.ActiveCfg = Debug|Any CPU
		{43BEFCF4-B7CD-4F86-BE28-8946869F641C}.Debug|Any CPU.Build.0 = Debug|Any CPU
		{43BEFCF4-B7CD-4F86-BE28-8946869F641C}.DebugLocal|Any CPU.ActiveCfg = Debug|Any CPU
		{43BEFCF4-B7CD-4F86-BE28-8946869F641C}.DebugLocal|Any CPU.Build.0 = Debug|Any CPU
		{43BEFCF4-B7CD-4F86-BE28-8946869F641C}.Release|Any CPU.ActiveCfg = Release|Any CPU
		{43BEFCF4-B7CD-4F86-BE28-8946869F641C}.Release|Any CPU.Build.0 = Release|Any CPU
		{165F9454-CC98-4962-8F18-F3AF04545FA3}.Debug|Any CPU.ActiveCfg = Debug|Any CPU
		{165F9454-CC98-4962-8F18-F3AF04545FA3}.Debug|Any CPU.Build.0 = Debug|Any CPU
		{165F9454-CC98-4962-8F18-F3AF04545FA3}.DebugLocal|Any CPU.ActiveCfg = Debug|Any CPU
		{165F9454-CC98-4962-8F18-F3AF04545FA3}.DebugLocal|Any CPU.Build.0 = Debug|Any CPU
		{165F9454-CC98-4962-8F18-F3AF04545FA3}.Release|Any CPU.ActiveCfg = Release|Any CPU
		{165F9454-CC98-4962-8F18-F3AF04545FA3}.Release|Any CPU.Build.0 = Release|Any CPU
		{FDE20952-6C7B-49E5-A5F7-242E76740CF8}.Debug|Any CPU.ActiveCfg = Debug|Any CPU
		{FDE20952-6C7B-49E5-A5F7-242E76740CF8}.Debug|Any CPU.Build.0 = Debug|Any CPU
		{FDE20952-6C7B-49E5-A5F7-242E76740CF8}.DebugLocal|Any CPU.ActiveCfg = Debug|Any CPU
		{FDE20952-6C7B-49E5-A5F7-242E76740CF8}.DebugLocal|Any CPU.Build.0 = Debug|Any CPU
		{FDE20952-6C7B-49E5-A5F7-242E76740CF8}.Release|Any CPU.ActiveCfg = Release|Any CPU
		{FDE20952-6C7B-49E5-A5F7-242E76740CF8}.Release|Any CPU.Build.0 = Release|Any CPU
		{319E13DD-C16A-4936-B179-BBFBA52C693B}.Debug|Any CPU.ActiveCfg = Debug|Any CPU
		{319E13DD-C16A-4936-B179-BBFBA52C693B}.Debug|Any CPU.Build.0 = Debug|Any CPU
		{319E13DD-C16A-4936-B179-BBFBA52C693B}.DebugLocal|Any CPU.ActiveCfg = Debug|Any CPU
		{319E13DD-C16A-4936-B179-BBFBA52C693B}.DebugLocal|Any CPU.Build.0 = Debug|Any CPU
		{319E13DD-C16A-4936-B179-BBFBA52C693B}.Release|Any CPU.ActiveCfg = Release|Any CPU
		{319E13DD-C16A-4936-B179-BBFBA52C693B}.Release|Any CPU.Build.0 = Release|Any CPU
		{D1A280BE-52ED-4B41-BE67-BC933BA5D2B1}.Debug|Any CPU.ActiveCfg = Debug|Any CPU
		{D1A280BE-52ED-4B41-BE67-BC933BA5D2B1}.Debug|Any CPU.Build.0 = Debug|Any CPU
		{D1A280BE-52ED-4B41-BE67-BC933BA5D2B1}.DebugLocal|Any CPU.ActiveCfg = Debug|Any CPU
		{D1A280BE-52ED-4B41-BE67-BC933BA5D2B1}.DebugLocal|Any CPU.Build.0 = Debug|Any CPU
		{D1A280BE-52ED-4B41-BE67-BC933BA5D2B1}.Release|Any CPU.ActiveCfg = Release|Any CPU
		{D1A280BE-52ED-4B41-BE67-BC933BA5D2B1}.Release|Any CPU.Build.0 = Release|Any CPU
		{DDCE2A99-EE37-42E3-A84E-00957F770B52}.Debug|Any CPU.ActiveCfg = Debug|Any CPU
		{DDCE2A99-EE37-42E3-A84E-00957F770B52}.Debug|Any CPU.Build.0 = Debug|Any CPU
		{DDCE2A99-EE37-42E3-A84E-00957F770B52}.DebugLocal|Any CPU.ActiveCfg = Debug|Any CPU
		{DDCE2A99-EE37-42E3-A84E-00957F770B52}.DebugLocal|Any CPU.Build.0 = Debug|Any CPU
		{DDCE2A99-EE37-42E3-A84E-00957F770B52}.Release|Any CPU.ActiveCfg = Release|Any CPU
		{DDCE2A99-EE37-42E3-A84E-00957F770B52}.Release|Any CPU.Build.0 = Release|Any CPU
		{DC9400B3-00E0-4FDE-93CD-B03A9FE03CB4}.Debug|Any CPU.ActiveCfg = Debug
		{DC9400B3-00E0-4FDE-93CD-B03A9FE03CB4}.Debug|Any CPU.Build.0 = Debug
		{DC9400B3-00E0-4FDE-93CD-B03A9FE03CB4}.Debug|Any CPU.Deploy.0 = Debug
		{DC9400B3-00E0-4FDE-93CD-B03A9FE03CB4}.DebugLocal|Any CPU.ActiveCfg = DebugLocal
		{DC9400B3-00E0-4FDE-93CD-B03A9FE03CB4}.DebugLocal|Any CPU.Build.0 = DebugLocal
		{DC9400B3-00E0-4FDE-93CD-B03A9FE03CB4}.Release|Any CPU.ActiveCfg = Release
		{DC9400B3-00E0-4FDE-93CD-B03A9FE03CB4}.Release|Any CPU.Build.0 = Release
		{DC9400B3-00E0-4FDE-93CD-B03A9FE03CB4}.Release|Any CPU.Deploy.0 = Release
		{3646887C-A241-491B-B21B-931FA5B04312}.Debug|Any CPU.ActiveCfg = Debug|Any CPU
		{3646887C-A241-491B-B21B-931FA5B04312}.Debug|Any CPU.Build.0 = Debug|Any CPU
		{3646887C-A241-491B-B21B-931FA5B04312}.DebugLocal|Any CPU.ActiveCfg = Debug|Any CPU
		{3646887C-A241-491B-B21B-931FA5B04312}.DebugLocal|Any CPU.Build.0 = Debug|Any CPU
		{3646887C-A241-491B-B21B-931FA5B04312}.Release|Any CPU.ActiveCfg = Release|Any CPU
		{3646887C-A241-491B-B21B-931FA5B04312}.Release|Any CPU.Build.0 = Release|Any CPU
		{6808E043-C4D7-41EB-BA0A-9BB9F9A37545}.Debug|Any CPU.ActiveCfg = Debug|Any CPU
		{6808E043-C4D7-41EB-BA0A-9BB9F9A37545}.Debug|Any CPU.Build.0 = Debug|Any CPU
		{6808E043-C4D7-41EB-BA0A-9BB9F9A37545}.Debug|Any CPU.Deploy.0 = Debug|Any CPU
		{6808E043-C4D7-41EB-BA0A-9BB9F9A37545}.DebugLocal|Any CPU.ActiveCfg = Debug|Any CPU
		{6808E043-C4D7-41EB-BA0A-9BB9F9A37545}.DebugLocal|Any CPU.Build.0 = Debug|Any CPU
		{6808E043-C4D7-41EB-BA0A-9BB9F9A37545}.DebugLocal|Any CPU.Deploy.0 = Debug|Any CPU
		{6808E043-C4D7-41EB-BA0A-9BB9F9A37545}.Release|Any CPU.ActiveCfg = Release|Any CPU
		{6808E043-C4D7-41EB-BA0A-9BB9F9A37545}.Release|Any CPU.Build.0 = Release|Any CPU
		{6808E043-C4D7-41EB-BA0A-9BB9F9A37545}.Release|Any CPU.Deploy.0 = Release|Any CPU
		{178C4DC2-DADE-4B34-B745-5CF1C044BDFF}.Debug|Any CPU.ActiveCfg = Debug|Any CPU
		{178C4DC2-DADE-4B34-B745-5CF1C044BDFF}.Debug|Any CPU.Build.0 = Debug|Any CPU
		{178C4DC2-DADE-4B34-B745-5CF1C044BDFF}.Debug|Any CPU.Deploy.0 = Debug|Any CPU
		{178C4DC2-DADE-4B34-B745-5CF1C044BDFF}.DebugLocal|Any CPU.ActiveCfg = Debug|Any CPU
		{178C4DC2-DADE-4B34-B745-5CF1C044BDFF}.DebugLocal|Any CPU.Build.0 = Debug|Any CPU
		{178C4DC2-DADE-4B34-B745-5CF1C044BDFF}.DebugLocal|Any CPU.Deploy.0 = Debug|Any CPU
		{178C4DC2-DADE-4B34-B745-5CF1C044BDFF}.Release|Any CPU.ActiveCfg = Release|Any CPU
		{178C4DC2-DADE-4B34-B745-5CF1C044BDFF}.Release|Any CPU.Build.0 = Release|Any CPU
		{178C4DC2-DADE-4B34-B745-5CF1C044BDFF}.Release|Any CPU.Deploy.0 = Release|Any CPU
	EndGlobalSection
	GlobalSection(SolutionProperties) = preSolution
		HideSolutionNode = FALSE
	EndGlobalSection
	GlobalSection(NestedProjects) = preSolution
		{8C2891EE-2C65-42B0-88F9-8A8261148E88} = {994D81A9-E476-4B9D-83B2-0B7AEFFED63B}
		{390E1F88-8CA1-4CDE-99D7-7A81C68EBDF8} = {994D81A9-E476-4B9D-83B2-0B7AEFFED63B}
		{45CDEE42-F3FB-4EA7-AEC0-F7B02547D598} = {B108A0ED-5DDD-4735-BBFC-9C746A54A9BD}
		{84663F37-A04E-426C-BB3F-B16407D98E83} = {994D81A9-E476-4B9D-83B2-0B7AEFFED63B}
		{6271F6F1-B9A3-4A00-81BD-AC429BC892C2} = {B108A0ED-5DDD-4735-BBFC-9C746A54A9BD}
		{D7FF5909-E901-42A0-BA81-CD0D8C377879} = {B108A0ED-5DDD-4735-BBFC-9C746A54A9BD}
		{AAC193FC-8867-479E-96F3-D5E5F194F5D5} = {B108A0ED-5DDD-4735-BBFC-9C746A54A9BD}
		{AC07D9A0-21D6-4B1A-A691-F53AEC276E6C} = {994D81A9-E476-4B9D-83B2-0B7AEFFED63B}
		{88573407-32F1-4F48-9E6E-64B8D33D9D4B} = {994D81A9-E476-4B9D-83B2-0B7AEFFED63B}
		{B677DCFE-E176-4E4A-83A2-746DB5850170} = {B108A0ED-5DDD-4735-BBFC-9C746A54A9BD}
		{53C614DD-F9DC-4576-BBFF-DC7597624627} = {B108A0ED-5DDD-4735-BBFC-9C746A54A9BD}
		{2AC1BBE9-BAB9-4EEB-AABB-9D76F03EE658} = {994D81A9-E476-4B9D-83B2-0B7AEFFED63B}
		{D769F10E-2781-4790-AA3F-E3C27070EA93} = {994D81A9-E476-4B9D-83B2-0B7AEFFED63B}
		{A5468D6E-57C4-40A4-A792-5A6C196FF324} = {994D81A9-E476-4B9D-83B2-0B7AEFFED63B}
		{43BEFCF4-B7CD-4F86-BE28-8946869F641C} = {994D81A9-E476-4B9D-83B2-0B7AEFFED63B}
		{165F9454-CC98-4962-8F18-F3AF04545FA3} = {994D81A9-E476-4B9D-83B2-0B7AEFFED63B}
		{FDE20952-6C7B-49E5-A5F7-242E76740CF8} = {B108A0ED-5DDD-4735-BBFC-9C746A54A9BD}
		{319E13DD-C16A-4936-B179-BBFBA52C693B} = {8CA94314-7892-41D4-AECA-F96B5B13C00F}
		{D1A280BE-52ED-4B41-BE67-BC933BA5D2B1} = {8CA94314-7892-41D4-AECA-F96B5B13C00F}
		{DDCE2A99-EE37-42E3-A84E-00957F770B52} = {8CA94314-7892-41D4-AECA-F96B5B13C00F}
		{DC9400B3-00E0-4FDE-93CD-B03A9FE03CB4} = {E41AAF0B-439F-4AA6-A8A7-E6AF1AA54D31}
		{3646887C-A241-491B-B21B-931FA5B04312} = {994D81A9-E476-4B9D-83B2-0B7AEFFED63B}
		{6808E043-C4D7-41EB-BA0A-9BB9F9A37545} = {994D81A9-E476-4B9D-83B2-0B7AEFFED63B}
		{178C4DC2-DADE-4B34-B745-5CF1C044BDFF} = {B108A0ED-5DDD-4735-BBFC-9C746A54A9BD}
	EndGlobalSection
EndGlobal
